// !$*UTF8*$!
{
	archiveVersion = 1;
	classes = {
	};
	objectVersion = 56;
	objects = {

/* Begin PBXBuildFile section */
		FD7F43DD2BA86A4F00468221 /* PinterestGridView.swift in Sources */ = {isa = PBXBuildFile; fileRef = FD7F43DC2BA86A4F00468221 /* PinterestGridView.swift */; };
		FD7F43DF2BA8724500468221 /* PinterestFeedView.swift in Sources */ = {isa = PBXBuildFile; fileRef = FD7F43DE2BA8724500468221 /* PinterestFeedView.swift */; };
		FD7F43E12BA8767E00468221 /* PinterestGridItem.swift in Sources */ = {isa = PBXBuildFile; fileRef = FD7F43E02BA8767E00468221 /* PinterestGridItem.swift */; };
		FD7F43E62BA8C30C00468221 /* RatingView.swift in Sources */ = {isa = PBXBuildFile; fileRef = FD7F43E52BA8C30C00468221 /* RatingView.swift */; };
		FD7F43E92BA8C39700468221 /* ChartValue.swift in Sources */ = {isa = PBXBuildFile; fileRef = FD7F43E82BA8C39700468221 /* ChartValue.swift */; };
		FD7F43EC2BA8C4D400468221 /* HexagonShape.swift in Sources */ = {isa = PBXBuildFile; fileRef = FD7F43EB2BA8C4D400468221 /* HexagonShape.swift */; };
		FD7F43EF2BA8C5BB00468221 /* RadialLayout.swift in Sources */ = {isa = PBXBuildFile; fileRef = FD7F43EE2BA8C5BB00468221 /* RadialLayout.swift */; };
		FD7F43F12BA8C5D200468221 /* CustomLayout.swift in Sources */ = {isa = PBXBuildFile; fileRef = FD7F43F02BA8C5D200468221 /* CustomLayout.swift */; };
		FD7F43F62BA9B3EC00468221 /* RatingData.swift in Sources */ = {isa = PBXBuildFile; fileRef = FD7F43F52BA9B3EC00468221 /* RatingData.swift */; };
		FD7F43F82BAC850900468221 /* MainNavigationView.swift in Sources */ = {isa = PBXBuildFile; fileRef = FD7F43F72BAC850900468221 /* MainNavigationView.swift */; };
		FDB0D0FC2BA3591600DFC06D /* LocationManager.swift in Sources */ = {isa = PBXBuildFile; fileRef = FDB0D0FB2BA3591600DFC06D /* LocationManager.swift */; };
		FDB0D0FE2BA4818200DFC06D /* CompassSheet.swift in Sources */ = {isa = PBXBuildFile; fileRef = FDB0D0FD2BA4818200DFC06D /* CompassSheet.swift */; };
		FDDD3B042B9D952C005D410F /* DesignCodeApp.swift in Sources */ = {isa = PBXBuildFile; fileRef = FDDD3B032B9D952C005D410F /* DesignCodeApp.swift */; };
		FDDD3B062B9D952C005D410F /* ContentView.swift in Sources */ = {isa = PBXBuildFile; fileRef = FDDD3B052B9D952C005D410F /* ContentView.swift */; };
		FDDD3B082B9D952F005D410F /* Assets.xcassets in Resources */ = {isa = PBXBuildFile; fileRef = FDDD3B072B9D952F005D410F /* Assets.xcassets */; };
		FDDD3B0B2B9D952F005D410F /* Preview Assets.xcassets in Resources */ = {isa = PBXBuildFile; fileRef = FDDD3B0A2B9D952F005D410F /* Preview Assets.xcassets */; };
		FDDD3B142B9EEB44005D410F /* NavigationStackView.swift in Sources */ = {isa = PBXBuildFile; fileRef = FDDD3B132B9EEB44005D410F /* NavigationStackView.swift */; };
		FDDD3B182B9F0C6B005D410F /* Data.swift in Sources */ = {isa = PBXBuildFile; fileRef = FDDD3B172B9F0C6B005D410F /* Data.swift */; };
		FDDD3B1C2B9F14B6005D410F /* MessageView.swift in Sources */ = {isa = PBXBuildFile; fileRef = FDDD3B1B2B9F14B6005D410F /* MessageView.swift */; };
		FDDD3B1E2B9F1754005D410F /* MenuView.swift in Sources */ = {isa = PBXBuildFile; fileRef = FDDD3B1D2B9F1754005D410F /* MenuView.swift */; };
		FDDD3B202B9F3E1F005D410F /* ChartView.swift in Sources */ = {isa = PBXBuildFile; fileRef = FDDD3B1F2B9F3E1F005D410F /* ChartView.swift */; };
		FDDD3B222B9F4FF7005D410F /* RatingGridView.swift in Sources */ = {isa = PBXBuildFile; fileRef = FDDD3B212B9F4FF7005D410F /* RatingGridView.swift */; };
		FDDD3B242BA036F1005D410F /* CardView.swift in Sources */ = {isa = PBXBuildFile; fileRef = FDDD3B232BA036F1005D410F /* CardView.swift */; };
		FDDD3B262BA051CB005D410F /* DetailView.swift in Sources */ = {isa = PBXBuildFile; fileRef = FDDD3B252BA051CB005D410F /* DetailView.swift */; };
		FDDD3B282BA06D30005D410F /* RadialLayoutView.swift in Sources */ = {isa = PBXBuildFile; fileRef = FDDD3B272BA06D30005D410F /* RadialLayoutView.swift */; };
		FDDD3B2A2BA099FE005D410F /* CardReflectionView.swift in Sources */ = {isa = PBXBuildFile; fileRef = FDDD3B292BA099FE005D410F /* CardReflectionView.swift */; };
		FDDD3B2C2BA0B238005D410F /* ActionButtonView.swift in Sources */ = {isa = PBXBuildFile; fileRef = FDDD3B2B2BA0B238005D410F /* ActionButtonView.swift */; };
		FDDD3B2E2BA16D5C005D410F /* MotionManager.swift in Sources */ = {isa = PBXBuildFile; fileRef = FDDD3B2D2BA16D5C005D410F /* MotionManager.swift */; };
		FDDD3B302BA18723005D410F /* CompassView.swift in Sources */ = {isa = PBXBuildFile; fileRef = FDDD3B2F2BA18723005D410F /* CompassView.swift */; };
		FDDD3B322BA1A9BA005D410F /* CircleLabelView.swift in Sources */ = {isa = PBXBuildFile; fileRef = FDDD3B312BA1A9BA005D410F /* CircleLabelView.swift */; };
/* End PBXBuildFile section */

/* Begin PBXFileReference section */
		FD7F43DC2BA86A4F00468221 /* PinterestGridView.swift */ = {isa = PBXFileReference; lastKnownFileType = sourcecode.swift; path = PinterestGridView.swift; sourceTree = "<group>"; };
		FD7F43DE2BA8724500468221 /* PinterestFeedView.swift */ = {isa = PBXFileReference; lastKnownFileType = sourcecode.swift; path = PinterestFeedView.swift; sourceTree = "<group>"; };
		FD7F43E02BA8767E00468221 /* PinterestGridItem.swift */ = {isa = PBXFileReference; lastKnownFileType = sourcecode.swift; path = PinterestGridItem.swift; sourceTree = "<group>"; };
		FD7F43E52BA8C30C00468221 /* RatingView.swift */ = {isa = PBXFileReference; lastKnownFileType = sourcecode.swift; path = RatingView.swift; sourceTree = "<group>"; };
		FD7F43E82BA8C39700468221 /* ChartValue.swift */ = {isa = PBXFileReference; lastKnownFileType = sourcecode.swift; path = ChartValue.swift; sourceTree = "<group>"; };
		FD7F43EB2BA8C4D400468221 /* HexagonShape.swift */ = {isa = PBXFileReference; lastKnownFileType = sourcecode.swift; path = HexagonShape.swift; sourceTree = "<group>"; };
		FD7F43EE2BA8C5BB00468221 /* RadialLayout.swift */ = {isa = PBXFileReference; lastKnownFileType = sourcecode.swift; path = RadialLayout.swift; sourceTree = "<group>"; };
		FD7F43F02BA8C5D200468221 /* CustomLayout.swift */ = {isa = PBXFileReference; lastKnownFileType = sourcecode.swift; path = CustomLayout.swift; sourceTree = "<group>"; };
		FD7F43F52BA9B3EC00468221 /* RatingData.swift */ = {isa = PBXFileReference; lastKnownFileType = sourcecode.swift; path = RatingData.swift; sourceTree = "<group>"; };
		FD7F43F72BAC850900468221 /* MainNavigationView.swift */ = {isa = PBXFileReference; lastKnownFileType = sourcecode.swift; path = MainNavigationView.swift; sourceTree = "<group>"; };
		FDB0D0FB2BA3591600DFC06D /* LocationManager.swift */ = {isa = PBXFileReference; lastKnownFileType = sourcecode.swift; path = LocationManager.swift; sourceTree = "<group>"; };
		FDB0D0FD2BA4818200DFC06D /* CompassSheet.swift */ = {isa = PBXFileReference; lastKnownFileType = sourcecode.swift; path = CompassSheet.swift; sourceTree = "<group>"; };
		FDDD3B002B9D952C005D410F /* DesignCode.app */ = {isa = PBXFileReference; explicitFileType = wrapper.application; includeInIndex = 0; path = DesignCode.app; sourceTree = BUILT_PRODUCTS_DIR; };
		FDDD3B032B9D952C005D410F /* DesignCodeApp.swift */ = {isa = PBXFileReference; lastKnownFileType = sourcecode.swift; path = DesignCodeApp.swift; sourceTree = "<group>"; };
		FDDD3B052B9D952C005D410F /* ContentView.swift */ = {isa = PBXFileReference; lastKnownFileType = sourcecode.swift; path = ContentView.swift; sourceTree = "<group>"; };
		FDDD3B072B9D952F005D410F /* Assets.xcassets */ = {isa = PBXFileReference; lastKnownFileType = folder.assetcatalog; path = Assets.xcassets; sourceTree = "<group>"; };
		FDDD3B0A2B9D952F005D410F /* Preview Assets.xcassets */ = {isa = PBXFileReference; lastKnownFileType = folder.assetcatalog; path = "Preview Assets.xcassets"; sourceTree = "<group>"; };
		FDDD3B132B9EEB44005D410F /* NavigationStackView.swift */ = {isa = PBXFileReference; lastKnownFileType = sourcecode.swift; path = NavigationStackView.swift; sourceTree = "<group>"; };
		FDDD3B172B9F0C6B005D410F /* Data.swift */ = {isa = PBXFileReference; lastKnownFileType = sourcecode.swift; path = Data.swift; sourceTree = "<group>"; };
		FDDD3B1B2B9F14B6005D410F /* MessageView.swift */ = {isa = PBXFileReference; lastKnownFileType = sourcecode.swift; path = MessageView.swift; sourceTree = "<group>"; };
		FDDD3B1D2B9F1754005D410F /* MenuView.swift */ = {isa = PBXFileReference; lastKnownFileType = sourcecode.swift; path = MenuView.swift; sourceTree = "<group>"; };
		FDDD3B1F2B9F3E1F005D410F /* ChartView.swift */ = {isa = PBXFileReference; lastKnownFileType = sourcecode.swift; path = ChartView.swift; sourceTree = "<group>"; };
		FDDD3B212B9F4FF7005D410F /* RatingGridView.swift */ = {isa = PBXFileReference; lastKnownFileType = sourcecode.swift; path = RatingGridView.swift; sourceTree = "<group>"; };
		FDDD3B232BA036F1005D410F /* CardView.swift */ = {isa = PBXFileReference; lastKnownFileType = sourcecode.swift; path = CardView.swift; sourceTree = "<group>"; };
		FDDD3B252BA051CB005D410F /* DetailView.swift */ = {isa = PBXFileReference; lastKnownFileType = sourcecode.swift; path = DetailView.swift; sourceTree = "<group>"; };
		FDDD3B272BA06D30005D410F /* RadialLayoutView.swift */ = {isa = PBXFileReference; lastKnownFileType = sourcecode.swift; path = RadialLayoutView.swift; sourceTree = "<group>"; };
		FDDD3B292BA099FE005D410F /* CardReflectionView.swift */ = {isa = PBXFileReference; lastKnownFileType = sourcecode.swift; path = CardReflectionView.swift; sourceTree = "<group>"; };
		FDDD3B2B2BA0B238005D410F /* ActionButtonView.swift */ = {isa = PBXFileReference; lastKnownFileType = sourcecode.swift; path = ActionButtonView.swift; sourceTree = "<group>"; };
		FDDD3B2D2BA16D5C005D410F /* MotionManager.swift */ = {isa = PBXFileReference; lastKnownFileType = sourcecode.swift; path = MotionManager.swift; sourceTree = "<group>"; };
		FDDD3B2F2BA18723005D410F /* CompassView.swift */ = {isa = PBXFileReference; lastKnownFileType = sourcecode.swift; path = CompassView.swift; sourceTree = "<group>"; };
		FDDD3B312BA1A9BA005D410F /* CircleLabelView.swift */ = {isa = PBXFileReference; lastKnownFileType = sourcecode.swift; path = CircleLabelView.swift; sourceTree = "<group>"; };
/* End PBXFileReference section */

/* Begin PBXFrameworksBuildPhase section */
		FDDD3AFD2B9D952C005D410F /* Frameworks */ = {
			isa = PBXFrameworksBuildPhase;
			buildActionMask = 2147483647;
			files = (
			);
			runOnlyForDeploymentPostprocessing = 0;
		};
/* End PBXFrameworksBuildPhase section */

/* Begin PBXGroup section */
		FD7F43DB2BA86A2600468221 /* PinterestGrid */ = {
			isa = PBXGroup;
			children = (
				FD7F43E02BA8767E00468221 /* PinterestGridItem.swift */,
				FD7F43DC2BA86A4F00468221 /* PinterestGridView.swift */,
				FD7F43DE2BA8724500468221 /* PinterestFeedView.swift */,
			);
			path = PinterestGrid;
			sourceTree = "<group>";
		};
		FD7F43E32BA8822F00468221 /* Views */ = {
			isa = PBXGroup;
			children = (
				FD7F43EA2BA8C4BA00468221 /* Card */,
				FD7F43E72BA8C38500468221 /* Charts */,
				FD7F43ED2BA8C5A500468221 /* Layouts */,
				FDDD3B2B2BA0B238005D410F /* ActionButtonView.swift */,
				FDDD3B252BA051CB005D410F /* DetailView.swift */,
				FDDD3B292BA099FE005D410F /* CardReflectionView.swift */,
				FDDD3B1D2B9F1754005D410F /* MenuView.swift */,
				FDDD3B1B2B9F14B6005D410F /* MessageView.swift */,
				FDDD3B132B9EEB44005D410F /* NavigationStackView.swift */,
				FD7F43F72BAC850900468221 /* MainNavigationView.swift */,
			);
			path = Views;
			sourceTree = "<group>";
		};
		FD7F43E72BA8C38500468221 /* Charts */ = {
			isa = PBXGroup;
			children = (
				FD7F43E82BA8C39700468221 /* ChartValue.swift */,
				FDDD3B1F2B9F3E1F005D410F /* ChartView.swift */,
			);
			path = Charts;
			sourceTree = "<group>";
		};
		FD7F43EA2BA8C4BA00468221 /* Card */ = {
			isa = PBXGroup;
			children = (
				FDDD3B232BA036F1005D410F /* CardView.swift */,
				FD7F43EB2BA8C4D400468221 /* HexagonShape.swift */,
			);
			path = Card;
			sourceTree = "<group>";
		};
		FD7F43ED2BA8C5A500468221 /* Layouts */ = {
			isa = PBXGroup;
			children = (
				FDDD3B272BA06D30005D410F /* RadialLayoutView.swift */,
				FD7F43F02BA8C5D200468221 /* CustomLayout.swift */,
				FD7F43EE2BA8C5BB00468221 /* RadialLayout.swift */,
			);
			path = Layouts;
			sourceTree = "<group>";
		};
		FD7F43F42BA9B2F600468221 /* RatingGrid */ = {
			isa = PBXGroup;
			children = (
				FD7F43F52BA9B3EC00468221 /* RatingData.swift */,
				FD7F43E52BA8C30C00468221 /* RatingView.swift */,
				FDDD3B212B9F4FF7005D410F /* RatingGridView.swift */,
			);
			path = RatingGrid;
			sourceTree = "<group>";
		};
		FDB0D0FF2BA4A75700DFC06D /* Compass */ = {
			isa = PBXGroup;
			children = (
				FDDD3B2F2BA18723005D410F /* CompassView.swift */,
				FDB0D0FD2BA4818200DFC06D /* CompassSheet.swift */,
				FDDD3B312BA1A9BA005D410F /* CircleLabelView.swift */,
				FDB0D0FB2BA3591600DFC06D /* LocationManager.swift */,
			);
			path = Compass;
			sourceTree = "<group>";
		};
		FDDD3AF72B9D952C005D410F = {
			isa = PBXGroup;
			children = (
				FDDD3B022B9D952C005D410F /* DesignCode */,
				FDDD3B012B9D952C005D410F /* Products */,
			);
			sourceTree = "<group>";
		};
		FDDD3B012B9D952C005D410F /* Products */ = {
			isa = PBXGroup;
			children = (
				FDDD3B002B9D952C005D410F /* DesignCode.app */,
			);
			name = Products;
			sourceTree = "<group>";
		};
		FDDD3B022B9D952C005D410F /* DesignCode */ = {
			isa = PBXGroup;
			children = (
				FDB0D0FF2BA4A75700DFC06D /* Compass */,
				FD7F43DB2BA86A2600468221 /* PinterestGrid */,
				FD7F43F42BA9B2F600468221 /* RatingGrid */,
				FD7F43E32BA8822F00468221 /* Views */,
				FDDD3B052B9D952C005D410F /* ContentView.swift */,
				FDDD3B172B9F0C6B005D410F /* Data.swift */,
				FDDD3B032B9D952C005D410F /* DesignCodeApp.swift */,
				FDDD3B2D2BA16D5C005D410F /* MotionManager.swift */,
				FDDD3B072B9D952F005D410F /* Assets.xcassets */,
				FDDD3B092B9D952F005D410F /* Preview Content */,
			);
			path = DesignCode;
			sourceTree = "<group>";
		};
		FDDD3B092B9D952F005D410F /* Preview Content */ = {
			isa = PBXGroup;
			children = (
				FDDD3B0A2B9D952F005D410F /* Preview Assets.xcassets */,
			);
			path = "Preview Content";
			sourceTree = "<group>";
		};
/* End PBXGroup section */

/* Begin PBXNativeTarget section */
		FDDD3AFF2B9D952C005D410F /* DesignCode */ = {
			isa = PBXNativeTarget;
			buildConfigurationList = FDDD3B0E2B9D952F005D410F /* Build configuration list for PBXNativeTarget "DesignCode" */;
			buildPhases = (
				FDDD3AFC2B9D952C005D410F /* Sources */,
				FDDD3AFD2B9D952C005D410F /* Frameworks */,
				FDDD3AFE2B9D952C005D410F /* Resources */,
			);
			buildRules = (
			);
			dependencies = (
			);
			name = DesignCode;
			productName = DesignCode;
			productReference = FDDD3B002B9D952C005D410F /* DesignCode.app */;
			productType = "com.apple.product-type.application";
		};
/* End PBXNativeTarget section */

/* Begin PBXProject section */
		FDDD3AF82B9D952C005D410F /* Project object */ = {
			isa = PBXProject;
			attributes = {
				BuildIndependentTargetsInParallel = 1;
				LastSwiftUpdateCheck = 1510;
				LastUpgradeCheck = 1510;
				TargetAttributes = {
					FDDD3AFF2B9D952C005D410F = {
						CreatedOnToolsVersion = 15.1;
					};
				};
			};
			buildConfigurationList = FDDD3AFB2B9D952C005D410F /* Build configuration list for PBXProject "DesignCode" */;
			compatibilityVersion = "Xcode 14.0";
			developmentRegion = en;
			hasScannedForEncodings = 0;
			knownRegions = (
				en,
				Base,
			);
			mainGroup = FDDD3AF72B9D952C005D410F;
			productRefGroup = FDDD3B012B9D952C005D410F /* Products */;
			projectDirPath = "";
			projectRoot = "";
			targets = (
				FDDD3AFF2B9D952C005D410F /* DesignCode */,
			);
		};
/* End PBXProject section */

/* Begin PBXResourcesBuildPhase section */
		FDDD3AFE2B9D952C005D410F /* Resources */ = {
			isa = PBXResourcesBuildPhase;
			buildActionMask = 2147483647;
			files = (
				FDDD3B0B2B9D952F005D410F /* Preview Assets.xcassets in Resources */,
				FDDD3B082B9D952F005D410F /* Assets.xcassets in Resources */,
			);
			runOnlyForDeploymentPostprocessing = 0;
		};
/* End PBXResourcesBuildPhase section */

/* Begin PBXSourcesBuildPhase section */
		FDDD3AFC2B9D952C005D410F /* Sources */ = {
			isa = PBXSourcesBuildPhase;
			buildActionMask = 2147483647;
			files = (
				FD7F43EC2BA8C4D400468221 /* HexagonShape.swift in Sources */,
				FDDD3B062B9D952C005D410F /* ContentView.swift in Sources */,
				FDB0D0FC2BA3591600DFC06D /* LocationManager.swift in Sources */,
				FDB0D0FE2BA4818200DFC06D /* CompassSheet.swift in Sources */,
				FD7F43E12BA8767E00468221 /* PinterestGridItem.swift in Sources */,
				FDDD3B2E2BA16D5C005D410F /* MotionManager.swift in Sources */,
				FDDD3B242BA036F1005D410F /* CardView.swift in Sources */,
				FDDD3B1E2B9F1754005D410F /* MenuView.swift in Sources */,
				FDDD3B282BA06D30005D410F /* RadialLayoutView.swift in Sources */,
				FD7F43DF2BA8724500468221 /* PinterestFeedView.swift in Sources */,
				FDDD3B262BA051CB005D410F /* DetailView.swift in Sources */,
				FDDD3B222B9F4FF7005D410F /* RatingGridView.swift in Sources */,
				FD7F43EF2BA8C5BB00468221 /* RadialLayout.swift in Sources */,
				FD7F43E62BA8C30C00468221 /* RatingView.swift in Sources */,
				FD7F43F82BAC850900468221 /* MainNavigationView.swift in Sources */,
				FDDD3B142B9EEB44005D410F /* NavigationStackView.swift in Sources */,
				FDDD3B2C2BA0B238005D410F /* ActionButtonView.swift in Sources */,
				FDDD3B202B9F3E1F005D410F /* ChartView.swift in Sources */,
				FDDD3B042B9D952C005D410F /* DesignCodeApp.swift in Sources */,
				FD7F43F62BA9B3EC00468221 /* RatingData.swift in Sources */,
				FDDD3B182B9F0C6B005D410F /* Data.swift in Sources */,
				FD7F43DD2BA86A4F00468221 /* PinterestGridView.swift in Sources */,
				FDDD3B302BA18723005D410F /* CompassView.swift in Sources */,
				FD7F43E92BA8C39700468221 /* ChartValue.swift in Sources */,
				FDDD3B322BA1A9BA005D410F /* CircleLabelView.swift in Sources */,
				FDDD3B1C2B9F14B6005D410F /* MessageView.swift in Sources */,
				FD7F43F12BA8C5D200468221 /* CustomLayout.swift in Sources */,
				FDDD3B2A2BA099FE005D410F /* CardReflectionView.swift in Sources */,
			);
			runOnlyForDeploymentPostprocessing = 0;
		};
/* End PBXSourcesBuildPhase section */

/* Begin XCBuildConfiguration section */
		FDDD3B0C2B9D952F005D410F /* Debug */ = {
			isa = XCBuildConfiguration;
			buildSettings = {
				ALWAYS_SEARCH_USER_PATHS = NO;
				ASSETCATALOG_COMPILER_GENERATE_SWIFT_ASSET_SYMBOL_EXTENSIONS = YES;
				CLANG_ANALYZER_NONNULL = YES;
				CLANG_ANALYZER_NUMBER_OBJECT_CONVERSION = YES_AGGRESSIVE;
				CLANG_CXX_LANGUAGE_STANDARD = "gnu++20";
				CLANG_ENABLE_MODULES = YES;
				CLANG_ENABLE_OBJC_ARC = YES;
				CLANG_ENABLE_OBJC_WEAK = YES;
				CLANG_WARN_BLOCK_CAPTURE_AUTORELEASING = YES;
				CLANG_WARN_BOOL_CONVERSION = YES;
				CLANG_WARN_COMMA = YES;
				CLANG_WARN_CONSTANT_CONVERSION = YES;
				CLANG_WARN_DEPRECATED_OBJC_IMPLEMENTATIONS = YES;
				CLANG_WARN_DIRECT_OBJC_ISA_USAGE = YES_ERROR;
				CLANG_WARN_DOCUMENTATION_COMMENTS = YES;
				CLANG_WARN_EMPTY_BODY = YES;
				CLANG_WARN_ENUM_CONVERSION = YES;
				CLANG_WARN_INFINITE_RECURSION = YES;
				CLANG_WARN_INT_CONVERSION = YES;
				CLANG_WARN_NON_LITERAL_NULL_CONVERSION = YES;
				CLANG_WARN_OBJC_IMPLICIT_RETAIN_SELF = YES;
				CLANG_WARN_OBJC_LITERAL_CONVERSION = YES;
				CLANG_WARN_OBJC_ROOT_CLASS = YES_ERROR;
				CLANG_WARN_QUOTED_INCLUDE_IN_FRAMEWORK_HEADER = YES;
				CLANG_WARN_RANGE_LOOP_ANALYSIS = YES;
				CLANG_WARN_STRICT_PROTOTYPES = YES;
				CLANG_WARN_SUSPICIOUS_MOVE = YES;
				CLANG_WARN_UNGUARDED_AVAILABILITY = YES_AGGRESSIVE;
				CLANG_WARN_UNREACHABLE_CODE = YES;
				CLANG_WARN__DUPLICATE_METHOD_MATCH = YES;
				COPY_PHASE_STRIP = NO;
				DEBUG_INFORMATION_FORMAT = dwarf;
				ENABLE_STRICT_OBJC_MSGSEND = YES;
				ENABLE_TESTABILITY = YES;
				ENABLE_USER_SCRIPT_SANDBOXING = YES;
				GCC_C_LANGUAGE_STANDARD = gnu17;
				GCC_DYNAMIC_NO_PIC = NO;
				GCC_NO_COMMON_BLOCKS = YES;
				GCC_OPTIMIZATION_LEVEL = 0;
				GCC_PREPROCESSOR_DEFINITIONS = (
					"DEBUG=1",
					"$(inherited)",
				);
				GCC_WARN_64_TO_32_BIT_CONVERSION = YES;
				GCC_WARN_ABOUT_RETURN_TYPE = YES_ERROR;
				GCC_WARN_UNDECLARED_SELECTOR = YES;
				GCC_WARN_UNINITIALIZED_AUTOS = YES_AGGRESSIVE;
				GCC_WARN_UNUSED_FUNCTION = YES;
				GCC_WARN_UNUSED_VARIABLE = YES;
				IPHONEOS_DEPLOYMENT_TARGET = 17.2;
				LOCALIZATION_PREFERS_STRING_CATALOGS = YES;
				MTL_ENABLE_DEBUG_INFO = INCLUDE_SOURCE;
				MTL_FAST_MATH = YES;
				ONLY_ACTIVE_ARCH = YES;
				SDKROOT = iphoneos;
				SWIFT_ACTIVE_COMPILATION_CONDITIONS = "DEBUG $(inherited)";
				SWIFT_OPTIMIZATION_LEVEL = "-Onone";
			};
			name = Debug;
		};
		FDDD3B0D2B9D952F005D410F /* Release */ = {
			isa = XCBuildConfiguration;
			buildSettings = {
				ALWAYS_SEARCH_USER_PATHS = NO;
				ASSETCATALOG_COMPILER_GENERATE_SWIFT_ASSET_SYMBOL_EXTENSIONS = YES;
				CLANG_ANALYZER_NONNULL = YES;
				CLANG_ANALYZER_NUMBER_OBJECT_CONVERSION = YES_AGGRESSIVE;
				CLANG_CXX_LANGUAGE_STANDARD = "gnu++20";
				CLANG_ENABLE_MODULES = YES;
				CLANG_ENABLE_OBJC_ARC = YES;
				CLANG_ENABLE_OBJC_WEAK = YES;
				CLANG_WARN_BLOCK_CAPTURE_AUTORELEASING = YES;
				CLANG_WARN_BOOL_CONVERSION = YES;
				CLANG_WARN_COMMA = YES;
				CLANG_WARN_CONSTANT_CONVERSION = YES;
				CLANG_WARN_DEPRECATED_OBJC_IMPLEMENTATIONS = YES;
				CLANG_WARN_DIRECT_OBJC_ISA_USAGE = YES_ERROR;
				CLANG_WARN_DOCUMENTATION_COMMENTS = YES;
				CLANG_WARN_EMPTY_BODY = YES;
				CLANG_WARN_ENUM_CONVERSION = YES;
				CLANG_WARN_INFINITE_RECURSION = YES;
				CLANG_WARN_INT_CONVERSION = YES;
				CLANG_WARN_NON_LITERAL_NULL_CONVERSION = YES;
				CLANG_WARN_OBJC_IMPLICIT_RETAIN_SELF = YES;
				CLANG_WARN_OBJC_LITERAL_CONVERSION = YES;
				CLANG_WARN_OBJC_ROOT_CLASS = YES_ERROR;
				CLANG_WARN_QUOTED_INCLUDE_IN_FRAMEWORK_HEADER = YES;
				CLANG_WARN_RANGE_LOOP_ANALYSIS = YES;
				CLANG_WARN_STRICT_PROTOTYPES = YES;
				CLANG_WARN_SUSPICIOUS_MOVE = YES;
				CLANG_WARN_UNGUARDED_AVAILABILITY = YES_AGGRESSIVE;
				CLANG_WARN_UNREACHABLE_CODE = YES;
				CLANG_WARN__DUPLICATE_METHOD_MATCH = YES;
				COPY_PHASE_STRIP = NO;
				DEBUG_INFORMATION_FORMAT = "dwarf-with-dsym";
				ENABLE_NS_ASSERTIONS = NO;
				ENABLE_STRICT_OBJC_MSGSEND = YES;
				ENABLE_USER_SCRIPT_SANDBOXING = YES;
				GCC_C_LANGUAGE_STANDARD = gnu17;
				GCC_NO_COMMON_BLOCKS = YES;
				GCC_WARN_64_TO_32_BIT_CONVERSION = YES;
				GCC_WARN_ABOUT_RETURN_TYPE = YES_ERROR;
				GCC_WARN_UNDECLARED_SELECTOR = YES;
				GCC_WARN_UNINITIALIZED_AUTOS = YES_AGGRESSIVE;
				GCC_WARN_UNUSED_FUNCTION = YES;
				GCC_WARN_UNUSED_VARIABLE = YES;
				IPHONEOS_DEPLOYMENT_TARGET = 17.2;
				LOCALIZATION_PREFERS_STRING_CATALOGS = YES;
				MTL_ENABLE_DEBUG_INFO = NO;
				MTL_FAST_MATH = YES;
				SDKROOT = iphoneos;
				SWIFT_COMPILATION_MODE = wholemodule;
				VALIDATE_PRODUCT = YES;
			};
			name = Release;
		};
		FDDD3B0F2B9D952F005D410F /* Debug */ = {
			isa = XCBuildConfiguration;
			buildSettings = {
				ASSETCATALOG_COMPILER_APPICON_NAME = AppIcon;
				ASSETCATALOG_COMPILER_GLOBAL_ACCENT_COLOR_NAME = AccentColor;
				CODE_SIGN_STYLE = Automatic;
				CURRENT_PROJECT_VERSION = 1;
				DEVELOPMENT_ASSET_PATHS = "\"DesignCode/Preview Content\"";
				DEVELOPMENT_TEAM = 44QKC3G3VD;
				ENABLE_PREVIEWS = YES;
				GENERATE_INFOPLIST_FILE = YES;
				INFOPLIST_KEY_CFBundleDisplayName = DesignCode;
				INFOPLIST_KEY_NSLocationWhenInUseUsageDescription = "Use longitude and latitude for Compass App";
				INFOPLIST_KEY_UIApplicationSceneManifest_Generation = YES;
				INFOPLIST_KEY_UIApplicationSupportsIndirectInputEvents = YES;
				INFOPLIST_KEY_UILaunchScreen_Generation = YES;
				INFOPLIST_KEY_UISupportedInterfaceOrientations_iPad = "UIInterfaceOrientationPortrait UIInterfaceOrientationPortraitUpsideDown UIInterfaceOrientationLandscapeLeft UIInterfaceOrientationLandscapeRight";
				INFOPLIST_KEY_UISupportedInterfaceOrientations_iPhone = "UIInterfaceOrientationPortrait UIInterfaceOrientationLandscapeLeft UIInterfaceOrientationLandscapeRight";
				IPHONEOS_DEPLOYMENT_TARGET = 16.0;
				LD_RUNPATH_SEARCH_PATHS = (
					"$(inherited)",
					"@executable_path/Frameworks",
				);
				MARKETING_VERSION = 1.0;
				PRODUCT_BUNDLE_IDENTIFIER = com.example.DesignCodeNew;
				PRODUCT_NAME = "$(TARGET_NAME)";
				SWIFT_EMIT_LOC_STRINGS = YES;
				SWIFT_VERSION = 5.0;
				TARGETED_DEVICE_FAMILY = "1,2";
			};
			name = Debug;
		};
		FDDD3B102B9D952F005D410F /* Release */ = {
			isa = XCBuildConfiguration;
			buildSettings = {
				ASSETCATALOG_COMPILER_APPICON_NAME = AppIcon;
				ASSETCATALOG_COMPILER_GLOBAL_ACCENT_COLOR_NAME = AccentColor;
				CODE_SIGN_STYLE = Automatic;
				CURRENT_PROJECT_VERSION = 1;
				DEVELOPMENT_ASSET_PATHS = "\"DesignCode/Preview Content\"";
				DEVELOPMENT_TEAM = 44QKC3G3VD;
				ENABLE_PREVIEWS = YES;
				GENERATE_INFOPLIST_FILE = YES;
				INFOPLIST_KEY_CFBundleDisplayName = DesignCode;
				INFOPLIST_KEY_NSLocationWhenInUseUsageDescription = "Use longitude and latitude for Compass App";
				INFOPLIST_KEY_UIApplicationSceneManifest_Generation = YES;
				INFOPLIST_KEY_UIApplicationSupportsIndirectInputEvents = YES;
				INFOPLIST_KEY_UILaunchScreen_Generation = YES;
				INFOPLIST_KEY_UISupportedInterfaceOrientations_iPad = "UIInterfaceOrientationPortrait UIInterfaceOrientationPortraitUpsideDown UIInterfaceOrientationLandscapeLeft UIInterfaceOrientationLandscapeRight";
				INFOPLIST_KEY_UISupportedInterfaceOrientations_iPhone = "UIInterfaceOrientationPortrait UIInterfaceOrientationLandscapeLeft UIInterfaceOrientationLandscapeRight";
				IPHONEOS_DEPLOYMENT_TARGET = 16.0;
				LD_RUNPATH_SEARCH_PATHS = (
					"$(inherited)",
					"@executable_path/Frameworks",
				);
				MARKETING_VERSION = 1.0;
				PRODUCT_BUNDLE_IDENTIFIER = com.example.DesignCodeNew;
				PRODUCT_NAME = "$(TARGET_NAME)";
				SWIFT_EMIT_LOC_STRINGS = YES;
				SWIFT_VERSION = 5.0;
				TARGETED_DEVICE_FAMILY = "1,2";
			};
			name = Release;
		};
/* End XCBuildConfiguration section */

/* Begin XCConfigurationList section */
		FDDD3AFB2B9D952C005D410F /* Build configuration list for PBXProject "DesignCode" */ = {
			isa = XCConfigurationList;
			buildConfigurations = (
				FDDD3B0C2B9D952F005D410F /* Debug */,
				FDDD3B0D2B9D952F005D410F /* Release */,
			);
			defaultConfigurationIsVisible = 0;
			defaultConfigurationName = Release;
		};
		FDDD3B0E2B9D952F005D410F /* Build configuration list for PBXNativeTarget "DesignCode" */ = {
			isa = XCConfigurationList;
			buildConfigurations = (
				FDDD3B0F2B9D952F005D410F /* Debug */,
				FDDD3B102B9D952F005D410F /* Release */,
			);
			defaultConfigurationIsVisible = 0;
			defaultConfigurationName = Release;
		};
/* End XCConfigurationList section */
	};
	rootObject = FDDD3AF82B9D952C005D410F /* Project object */;
}
